
Microsoft Visual Studio Solution File, Format Version 12.00
# Visual Studio Version 17
VisualStudioVersion = 17.6.33829.357
MinimumVisualStudioVersion = 10.0.40219.1
Project("{8BC9CEB8-8B4A-11D0-8D11-00A0C91BC942}") = "ConsoleSnakeGame", "ConsoleSnakeGame.vcxproj", "{F20A7ED0-F802-493C-9C74-46B0A97D91C6}"
EndProject
Global
	GlobalSection(SolutionConfigurationPlatforms) = preSolution
		Debug|x64 = Debug|x64
		Debug|x86 = Debug|x86
		Release|x64 = Release|x64
		Release|x86 = Release|x86
	EndGlobalSection
	GlobalSection(ProjectConfigurationPlatforms) = postSolution
		{F20A7ED0-F802-493C-9C74-46B0A97D91C6}.Debug|x64.ActiveCfg = Debug|x64
		{F20A7ED0-F802-493C-9C74-46B0A97D91C6}.Debug|x64.Build.0 = Debug|x64
		{F20A7ED0-F802-493C-9C74-46B0A97D91C6}.Debug|x86.ActiveCfg = Debug|Win32
		{F20A7ED0-F802-493C-9C74-46B0A97D91C6}.Debug|x86.Build.0 = Debug|Win32
		{F20A7ED0-F802-493C-9C74-46B0A97D91C6}.Release|x64.ActiveCfg = Release|x64
		{F20A7ED0-F802-493C-9C74-46B0A97D91C6}.Release|x64.Build.0 = Release|x64
		{F20A7ED0-F802-493C-9C74-46B0A97D91C6}.Release|x86.ActiveCfg = Release|Win32
		{F20A7ED0-F802-493C-9C74-46B0A97D91C6}.Release|x86.Build.0 = Release|Win32
	EndGlobalSection
	GlobalSection(SolutionProperties) = preSolution
		HideSolutionNode = FALSE
	EndGlobalSection
	GlobalSection(ExtensibilityGlobals) = postSolution
		SolutionGuid = {684D0EEB-EDF0-40A4-B770-238478915274}
	EndGlobalSection
EndGlobal
